<?xml version="1.0" encoding="UTF-8"?>
<Scheme
   LastUpgradeVersion = "1030"
   version = "1.3">
   <BuildAction
      parallelizeBuildables = "YES"
      buildImplicitDependencies = "YES">
      <BuildActionEntries>
         <BuildActionEntry
            buildForTesting = "YES"
            buildForRunning = "YES"
            buildForProfiling = "NO"
            buildForArchiving = "NO"
            buildForAnalyzing = "NO">
            <BuildableReference
               BuildableIdentifier = "primary"
               BlueprintIdentifier = "A9F7934A1CE6F1B900CFA0ED"
               BuildableName = "LoggerTests.xctest"
               BlueprintName = "LoggerTests"
               ReferencedContainer = "container:../Libraries/Logger/Logger.xcodeproj">
            </BuildableReference>
         </BuildActionEntry>
         <BuildActionEntry
            buildForTesting = "YES"
            buildForRunning = "YES"
            buildForProfiling = "NO"
            buildForArchiving = "NO"
            buildForAnalyzing = "NO">
            <BuildableReference
               BuildableIdentifier = "primary"
               BlueprintIdentifier = "B5C30E651D4ECD3300F6FAE5"
               BuildableName = "SCNotificationsTests.xctest"
               BlueprintName = "SCNotificationsTests"
               ReferencedContainer = "container:../Libraries/SCNotifications/SCNotifications.xcodeproj">
            </BuildableReference>
         </BuildActionEntry>
         <BuildActionEntry
            buildForTesting = "YES"
            buildForRunning = "YES"
            buildForProfiling = "NO"
            buildForArchiving = "NO"
            buildForAnalyzing = "NO">
            <BuildableReference
               BuildableIdentifier = "primary"
               BlueprintIdentifier = "B565ED3E1F5E154B00B86DD0"
               BuildableName = "SeshatTests.xctest"
               BlueprintName = "SeshatTests"
               ReferencedContainer = "container:../Libraries/Seshat/Seshat.xcodeproj">
            </BuildableReference>
         </BuildActionEntry>
         <BuildActionEntry
            buildForTesting = "YES"
            buildForRunning = "YES"
            buildForProfiling = "NO"
            buildForArchiving = "NO"
            buildForAnalyzing = "NO">
            <BuildableReference
               BuildableIdentifier = "primary"
               BlueprintIdentifier = "491E258C1DF0E7980053955F"
               BuildableName = "ShawshankTests.xctest"
               BlueprintName = "ShawshankTests"
               ReferencedContainer = "container:../Libraries/Shawshank/Shawshank.xcodeproj">
            </BuildableReference>
         </BuildActionEntry>
      </BuildActionEntries>
   </BuildAction>
   <TestAction
      buildConfiguration = "Debug"
      selectedDebuggerIdentifier = "Xcode.DebuggerFoundation.Debugger.LLDB"
      selectedLauncherIdentifier = "Xcode.DebuggerFoundation.Launcher.LLDB"
      shouldUseLaunchSchemeArgsEnv = "YES"
      disableMainThreadChecker = "YES"
      codeCoverageEnabled = "YES">
      <MacroExpansion>
         <BuildableReference
            BuildableIdentifier = "primary"
            BlueprintIdentifier = "A9F7934A1CE6F1B900CFA0ED"
            BuildableName = "LoggerTests.xctest"
            BlueprintName = "LoggerTests"
            ReferencedContainer = "container:../Libraries/Logger/Logger.xcodeproj">
         </BuildableReference>
      </MacroExpansion>
      <Testables>
         <TestableReference
            skipped = "NO"
            parallelizable = "YES"
            testExecutionOrdering = "random">
            <BuildableReference
               BuildableIdentifier = "primary"
               BlueprintIdentifier = "A9F7934A1CE6F1B900CFA0ED"
               BuildableName = "LoggerTests.xctest"
               BlueprintName = "LoggerTests"
               ReferencedContainer = "container:../Libraries/Logger/Logger.xcodeproj">
            </BuildableReference>
         </TestableReference>
         <TestableReference
            skipped = "NO"
            parallelizable = "YES"
            testExecutionOrdering = "random">
            <BuildableReference
               BuildableIdentifier = "primary"
               BlueprintIdentifier = "B5C30E651D4ECD3300F6FAE5"
               BuildableName = "SCNotificationsTests.xctest"
               BlueprintName = "SCNotificationsTests"
               ReferencedContainer = "container:../Libraries/SCNotifications/SCNotifications.xcodeproj">
            </BuildableReference>
         </TestableReference>
         <TestableReference
            skipped = "NO"
            parallelizable = "YES"
            testExecutionOrdering = "random">
            <BuildableReference
               BuildableIdentifier = "primary"
               BlueprintIdentifier = "B565ED3E1F5E154B00B86DD0"
               BuildableName = "SeshatTests.xctest"
               BlueprintName = "SeshatTests"
               ReferencedContainer = "container:../Libraries/Seshat/Seshat.xcodeproj">
            </BuildableReference>
         </TestableReference>
         <TestableReference
            skipped = "NO"
            parallelizable = "YES"
            testExecutionOrdering = "random">
            <BuildableReference
               BuildableIdentifier = "primary"
               BlueprintIdentifier = "491E258C1DF0E7980053955F"
               BuildableName = "ShawshankTests.xctest"
               BlueprintName = "ShawshankTests"
               ReferencedContainer = "container:../Libraries/Shawshank/Shawshank.xcodeproj">
            </BuildableReference>
         </TestableReference>
      </Testables>
   </TestAction>
   <LaunchAction
      buildConfiguration = "Debug"
      selectedDebuggerIdentifier = "Xcode.DebuggerFoundation.Debugger.LLDB"
      selectedLauncherIdentifier = "Xcode.DebuggerFoundation.Launcher.LLDB"
      launchStyle = "0"
      useCustomWorkingDirectory = "NO"
      ignoresPersistentStateOnLaunch = "NO"
      debugDocumentVersioning = "YES"
      debugServiceExtension = "internal"
      allowLocationSimulation = "YES">
      <MacroExpansion>
         <BuildableReference
            BuildableIdentifier = "primary"
            BlueprintIdentifier = "A9F7934A1CE6F1B900CFA0ED"
            BuildableName = "LoggerTests.xctest"
            BlueprintName = "LoggerTests"
            ReferencedContainer = "container:../Libraries/Logger/Logger.xcodeproj">
         </BuildableReference>
      </MacroExpansion>
   </LaunchAction>
   <ProfileAction
      buildConfiguration = "Release"
      shouldUseLaunchSchemeArgsEnv = "YES"
      savedToolIdentifier = ""
      useCustomWorkingDirectory = "NO"
      debugDocumentVersioning = "YES">
   </ProfileAction>
   <AnalyzeAction
      buildConfiguration = "Debug">
   </AnalyzeAction>
   <ArchiveAction
      buildConfiguration = "Release"
      revealArchiveInOrganizer = "YES">
   </ArchiveAction>
</Scheme>
